
Microsoft Visual Studio Solution File, Format Version 12.00
# Visual Studio 14
VisualStudioVersion = 14.0.24720.0
MinimumVisualStudioVersion = 10.0.40219.1
Project("{FAE04EC0-301F-11D3-BF4B-00C04F79EFBC}") = "HuffmanCompression", "HuffmanCompression\HuffmanCompression.csproj", "{C11B6EC2-6ED2-46F8-88F9-14BB2F12C83F}"
EndProject
Global
	GlobalSection(SolutionConfigurationPlatforms) = preSolution
		Debug|Any CPU = Debug|Any CPU
		Release|Any CPU = Release|Any CPU
	EndGlobalSection
	GlobalSection(ProjectConfigurationPlatforms) = postSolution
		{C11B6EC2-6ED2-46F8-88F9-14BB2F12C83F}.Debug|Any CPU.ActiveCfg = Debug|Any CPU
		{C11B6EC2-6ED2-46F8-88F9-14BB2F12C83F}.Debug|Any CPU.Build.0 = Debug|Any CPU
		{C11B6EC2-6ED2-46F8-88F9-14BB2F12C83F}.Release|Any CPU.ActiveCfg = Release|Any CPU
		{C11B6EC2-6ED2-46F8-88F9-14BB2F12C83F}.Release|Any CPU.Build.0 = Release|Any CPU
	EndGlobalSection
	GlobalSection(SolutionProperties) = preSolution
		HideSolutionNode = FALSE
	EndGlobalSection
EndGlobal
